Microsoft Visual Studio Solution File, Format Version 12.00
# Visual Studio 2012
Project("{FAE04EC0-301F-11D3-BF4B-00C04F79EFBC}") = "kmr-godot-4", "kmr-godot-4.csproj", "{AE110410-3520-48FD-9AFA-E0E17EE1C577}"
EndProject
Global
	GlobalSection(SolutionConfigurationPlatforms) = preSolution
	Debug|Any CPU = Debug|Any CPU
	ExportDebug|Any CPU = ExportDebug|Any CPU
	ExportRelease|Any CPU = ExportRelease|Any CPU
	EndGlobalSection
	GlobalSection(ProjectConfigurationPlatforms) = postSolution
		{AE110410-3520-48FD-9AFA-E0E17EE1C577}.Debug|Any CPU.ActiveCfg = Debug|Any CPU
		{AE110410-3520-48FD-9AFA-E0E17EE1C577}.Debug|Any CPU.Build.0 = Debug|Any CPU
		{AE110410-3520-48FD-9AFA-E0E17EE1C577}.ExportDebug|Any CPU.ActiveCfg = ExportDebug|Any CPU
		{AE110410-3520-48FD-9AFA-E0E17EE1C577}.ExportDebug|Any CPU.Build.0 = ExportDebug|Any CPU
		{AE110410-3520-48FD-9AFA-E0E17EE1C577}.ExportRelease|Any CPU.ActiveCfg = ExportRelease|Any CPU
		{AE110410-3520-48FD-9AFA-E0E17EE1C577}.ExportRelease|Any CPU.Build.0 = ExportRelease|Any CPU
	EndGlobalSection
EndGlobal
